
Microsoft Visual Studio Solution File, Format Version 12.00
# Visual Studio Version 17
VisualStudioVersion = 17.3.32819.101
MinimumVisualStudioVersion = 10.0.40219.1
Project("{9A19103F-16F7-4668-BE54-9A1E7A4F7556}") = "TheScene", "TheScene.csproj", "{A5B921C1-10F4-4498-8D45-04946B214C8B}"
EndProject
Project("{9A19103F-16F7-4668-BE54-9A1E7A4F7556}") = "TheScene.Core", "..\TheScene.Core\TheScene.Core.csproj", "{F65A79C9-C2FA-42E0-8EC4-E593050E53D1}"
EndProject
Project("{9A19103F-16F7-4668-BE54-9A1E7A4F7556}") = "TheScene.Infrastructure", "..\TheScene.Infrastructure\TheScene.Infrastructure.csproj", "{0E299D07-BEE8-40ED-8B1C-409E874D39F4}"
EndProject
Project("{9A19103F-16F7-4668-BE54-9A1E7A4F7556}") = "TheScene.UnitTests", "..\TheScene.UnitTests\TheScene.UnitTests.csproj", "{8BC1194C-11D6-430C-BA84-FAC4F3F8BB56}"
EndProject
Global
	GlobalSection(SolutionConfigurationPlatforms) = preSolution
		Debug|Any CPU = Debug|Any CPU
		Release|Any CPU = Release|Any CPU
	EndGlobalSection
	GlobalSection(ProjectConfigurationPlatforms) = postSolution
		{A5B921C1-10F4-4498-8D45-04946B214C8B}.Debug|Any CPU.ActiveCfg = Debug|Any CPU
		{A5B921C1-10F4-4498-8D45-04946B214C8B}.Debug|Any CPU.Build.0 = Debug|Any CPU
		{A5B921C1-10F4-4498-8D45-04946B214C8B}.Release|Any CPU.ActiveCfg = Release|Any CPU
		{A5B921C1-10F4-4498-8D45-04946B214C8B}.Release|Any CPU.Build.0 = Release|Any CPU
		{F65A79C9-C2FA-42E0-8EC4-E593050E53D1}.Debug|Any CPU.ActiveCfg = Debug|Any CPU
		{F65A79C9-C2FA-42E0-8EC4-E593050E53D1}.Debug|Any CPU.Build.0 = Debug|Any CPU
		{F65A79C9-C2FA-42E0-8EC4-E593050E53D1}.Release|Any CPU.ActiveCfg = Release|Any CPU
		{F65A79C9-C2FA-42E0-8EC4-E593050E53D1}.Release|Any CPU.Build.0 = Release|Any CPU
		{0E299D07-BEE8-40ED-8B1C-409E874D39F4}.Debug|Any CPU.ActiveCfg = Debug|Any CPU
		{0E299D07-BEE8-40ED-8B1C-409E874D39F4}.Debug|Any CPU.Build.0 = Debug|Any CPU
		{0E299D07-BEE8-40ED-8B1C-409E874D39F4}.Release|Any CPU.ActiveCfg = Release|Any CPU
		{0E299D07-BEE8-40ED-8B1C-409E874D39F4}.Release|Any CPU.Build.0 = Release|Any CPU
		{8BC1194C-11D6-430C-BA84-FAC4F3F8BB56}.Debug|Any CPU.ActiveCfg = Debug|Any CPU
		{8BC1194C-11D6-430C-BA84-FAC4F3F8BB56}.Debug|Any CPU.Build.0 = Debug|Any CPU
		{8BC1194C-11D6-430C-BA84-FAC4F3F8BB56}.Release|Any CPU.ActiveCfg = Release|Any CPU
		{8BC1194C-11D6-430C-BA84-FAC4F3F8BB56}.Release|Any CPU.Build.0 = Release|Any CPU
	EndGlobalSection
	GlobalSection(SolutionProperties) = preSolution
		HideSolutionNode = FALSE
	EndGlobalSection
	GlobalSection(ExtensibilityGlobals) = postSolution
		SolutionGuid = {FBFD35AE-E610-4D67-B5C7-738EFE81AAAA}
	EndGlobalSection
EndGlobal
